{
  "name": "ajs-test",
  "version": "1.0.0",
  "lockfileVersion": 3,
  "requires": true,
  "packages": {
    "": {
      "name": "ajs-test",
      "version": "1.0.0",
      "license": "ISC",
      "dependencies": {
        "@serzhdares/ajs": "^1.0.0"
      }
    },
    "node_modules/@serzhdares/ajs": {
      "version": "1.0.0",
      "resolved": "https://npm.pkg.github.com/download/@serzhdares/ajs/1.0.0/1fb9dfc5ed2f58be340eead93573b9c2b1c76388",
      "integrity": "sha512-jkXM0zvwpHooAXO2JLKuT8lPTSLjfzFXaRcxabaiHdon5WRNnRFvVWlPEzl9RfK+Xge93/rYRXka887v0QZ5zQ==",
      "license": "ISC"
    }
  }
}
